
Microsoft Visual Studio Solution File, Format Version 12.00
# Visual Studio 15
VisualStudioVersion = 15.0.27130.2003
MinimumVisualStudioVersion = 10.0.40219.1
Project("{FAE04EC0-301F-11D3-BF4B-00C04F79EFBC}") = "DipTesting", "DipTestingExercises\DipTesting.csproj", "{BFE1607B-5E35-4529-963D-B7560C388E2B}"
EndProject
Project("{FAE04EC0-301F-11D3-BF4B-00C04F79EFBC}") = "DipTesting.UnitTests", "DipTestingExcercises.UnitTests\DipTesting.UnitTests.csproj", "{42F2772C-F6A3-4D7B-9F6D-A0F601764217}"
EndProject
Global
	GlobalSection(SolutionConfigurationPlatforms) = preSolution
		Debug|Any CPU = Debug|Any CPU
		Release|Any CPU = Release|Any CPU
	EndGlobalSection
	GlobalSection(ProjectConfigurationPlatforms) = postSolution
		{BFE1607B-5E35-4529-963D-B7560C388E2B}.Debug|Any CPU.ActiveCfg = Debug|Any CPU
		{BFE1607B-5E35-4529-963D-B7560C388E2B}.Debug|Any CPU.Build.0 = Debug|Any CPU
		{BFE1607B-5E35-4529-963D-B7560C388E2B}.Release|Any CPU.ActiveCfg = Release|Any CPU
		{BFE1607B-5E35-4529-963D-B7560C388E2B}.Release|Any CPU.Build.0 = Release|Any CPU
		{42F2772C-F6A3-4D7B-9F6D-A0F601764217}.Debug|Any CPU.ActiveCfg = Debug|Any CPU
		{42F2772C-F6A3-4D7B-9F6D-A0F601764217}.Debug|Any CPU.Build.0 = Debug|Any CPU
		{42F2772C-F6A3-4D7B-9F6D-A0F601764217}.Release|Any CPU.ActiveCfg = Release|Any CPU
		{42F2772C-F6A3-4D7B-9F6D-A0F601764217}.Release|Any CPU.Build.0 = Release|Any CPU
	EndGlobalSection
	GlobalSection(SolutionProperties) = preSolution
		HideSolutionNode = FALSE
	EndGlobalSection
	GlobalSection(ExtensibilityGlobals) = postSolution
		SolutionGuid = {87B08422-76FB-492C-A452-509861004E50}
	EndGlobalSection
EndGlobal
